
Microsoft Visual Studio Solution File, Format Version 12.00
# Visual Studio 14
VisualStudioVersion = 14.0.25123.0
MinimumVisualStudioVersion = 10.0.40219.1
Project("{FAE04EC0-301F-11D3-BF4B-00C04F79EFBC}") = "RatingBet.Droid", "RatingBet\RatingBet.Droid\RatingBet.Droid.csproj", "{BD3503FE-763D-4D78-81D6-64BF15246652}"
EndProject
Project("{FAE04EC0-301F-11D3-BF4B-00C04F79EFBC}") = "RatingBet.iOS", "RatingBet\RatingBet.iOS\RatingBet.iOS.csproj", "{EC66A8E4-DAD9-4F78-9F58-6ED08630E465}"
EndProject
Project("{FAE04EC0-301F-11D3-BF4B-00C04F79EFBC}") = "RatingBet.WinPhone", "RatingBet\RatingBet.WinPhone\RatingBet.WinPhone.csproj", "{A67D1165-11F5-46B4-933B-6997A89F66BE}"
EndProject
Project("{FAE04EC0-301F-11D3-BF4B-00C04F79EFBC}") = "RatingBet.UWP", "RatingBet\RatingBet.UWP\RatingBet.UWP.csproj", "{D92D7533-76D3-4BD6-B9E1-33B13B2073BB}"
EndProject
Project("{FAE04EC0-301F-11D3-BF4B-00C04F79EFBC}") = "RatingBet.Windows", "RatingBet\RatingBet.Windows\RatingBet.Windows.csproj", "{5123AF00-A9F1-4164-93EA-67AAB06A478E}"
EndProject
Project("{D954291E-2A0B-460D-934E-DC6B0785DB48}") = "RatingBet", "RatingBet\RatingBet\RatingBet.shproj", "{BF799095-B1CB-4FEE-B83D-9149B2C34A75}"
EndProject
Global
	GlobalSection(SharedMSBuildProjectFiles) = preSolution
		RatingBet\RatingBet\RatingBet.projitems*{d92d7533-76d3-4bd6-b9e1-33b13b2073bb}*SharedItemsImports = 4
		RatingBet\RatingBet\RatingBet.projitems*{bf799095-b1cb-4fee-b83d-9149b2c34a75}*SharedItemsImports = 13
		RatingBet\RatingBet\RatingBet.projitems*{5123af00-a9f1-4164-93ea-67aab06a478e}*SharedItemsImports = 4
		RatingBet\RatingBet\RatingBet.projitems*{bd3503fe-763d-4d78-81d6-64bf15246652}*SharedItemsImports = 4
		RatingBet\RatingBet\RatingBet.projitems*{a67d1165-11f5-46b4-933b-6997a89f66be}*SharedItemsImports = 4
		RatingBet\RatingBet\RatingBet.projitems*{ec66a8e4-dad9-4f78-9f58-6ed08630e465}*SharedItemsImports = 4
	EndGlobalSection
	GlobalSection(SolutionConfigurationPlatforms) = preSolution
		Ad-Hoc|Any CPU = Ad-Hoc|Any CPU
		Ad-Hoc|ARM = Ad-Hoc|ARM
		Ad-Hoc|iPhone = Ad-Hoc|iPhone
		Ad-Hoc|iPhoneSimulator = Ad-Hoc|iPhoneSimulator
		Ad-Hoc|x64 = Ad-Hoc|x64
		Ad-Hoc|x86 = Ad-Hoc|x86
		AppStore|Any CPU = AppStore|Any CPU
		AppStore|ARM = AppStore|ARM
		AppStore|iPhone = AppStore|iPhone
		AppStore|iPhoneSimulator = AppStore|iPhoneSimulator
		AppStore|x64 = AppStore|x64
		AppStore|x86 = AppStore|x86
		Debug|Any CPU = Debug|Any CPU
		Debug|ARM = Debug|ARM
		Debug|iPhone = Debug|iPhone
		Debug|iPhoneSimulator = Debug|iPhoneSimulator
		Debug|x64 = Debug|x64
		Debug|x86 = Debug|x86
		Release|Any CPU = Release|Any CPU
		Release|ARM = Release|ARM
		Release|iPhone = Release|iPhone
		Release|iPhoneSimulator = Release|iPhoneSimulator
		Release|x64 = Release|x64
		Release|x86 = Release|x86
	EndGlobalSection
	GlobalSection(ProjectConfigurationPlatforms) = postSolution
		{BD3503FE-763D-4D78-81D6-64BF15246652}.Ad-Hoc|Any CPU.ActiveCfg = Release|Any CPU
		{BD3503FE-763D-4D78-81D6-64BF15246652}.Ad-Hoc|Any CPU.Build.0 = Release|Any CPU
		{BD3503FE-763D-4D78-81D6-64BF15246652}.Ad-Hoc|Any CPU.Deploy.0 = Release|Any CPU
		{BD3503FE-763D-4D78-81D6-64BF15246652}.Ad-Hoc|ARM.ActiveCfg = Release|Any CPU
		{BD3503FE-763D-4D78-81D6-64BF15246652}.Ad-Hoc|ARM.Build.0 = Release|Any CPU
		{BD3503FE-763D-4D78-81D6-64BF15246652}.Ad-Hoc|ARM.Deploy.0 = Release|Any CPU
		{BD3503FE-763D-4D78-81D6-64BF15246652}.Ad-Hoc|iPhone.ActiveCfg = Release|Any CPU
		{BD3503FE-763D-4D78-81D6-64BF15246652}.Ad-Hoc|iPhone.Build.0 = Release|Any CPU
		{BD3503FE-763D-4D78-81D6-64BF15246652}.Ad-Hoc|iPhone.Deploy.0 = Release|Any CPU
		{BD3503FE-763D-4D78-81D6-64BF15246652}.Ad-Hoc|iPhoneSimulator.ActiveCfg = Release|Any CPU
		{BD3503FE-763D-4D78-81D6-64BF15246652}.Ad-Hoc|iPhoneSimulator.Build.0 = Release|Any CPU
		{BD3503FE-763D-4D78-81D6-64BF15246652}.Ad-Hoc|iPhoneSimulator.Deploy.0 = Release|Any CPU
		{BD3503FE-763D-4D78-81D6-64BF15246652}.Ad-Hoc|x64.ActiveCfg = Release|Any CPU
		{BD3503FE-763D-4D78-81D6-64BF15246652}.Ad-Hoc|x64.Build.0 = Release|Any CPU
		{BD3503FE-763D-4D78-81D6-64BF15246652}.Ad-Hoc|x64.Deploy.0 = Release|Any CPU
		{BD3503FE-763D-4D78-81D6-64BF15246652}.Ad-Hoc|x86.ActiveCfg = Release|Any CPU
		{BD3503FE-763D-4D78-81D6-64BF15246652}.Ad-Hoc|x86.Build.0 = Release|Any CPU
		{BD3503FE-763D-4D78-81D6-64BF15246652}.Ad-Hoc|x86.Deploy.0 = Release|Any CPU
		{BD3503FE-763D-4D78-81D6-64BF15246652}.AppStore|Any CPU.ActiveCfg = Release|Any CPU
		{BD3503FE-763D-4D78-81D6-64BF15246652}.AppStore|Any CPU.Build.0 = Release|Any CPU
		{BD3503FE-763D-4D78-81D6-64BF15246652}.AppStore|Any CPU.Deploy.0 = Release|Any CPU
		{BD3503FE-763D-4D78-81D6-64BF15246652}.AppStore|ARM.ActiveCfg = Release|Any CPU
		{BD3503FE-763D-4D78-81D6-64BF15246652}.AppStore|ARM.Build.0 = Release|Any CPU
		{BD3503FE-763D-4D78-81D6-64BF15246652}.AppStore|ARM.Deploy.0 = Release|Any CPU
		{BD3503FE-763D-4D78-81D6-64BF15246652}.AppStore|iPhone.ActiveCfg = Release|Any CPU
		{BD3503FE-763D-4D78-81D6-64BF15246652}.AppStore|iPhone.Build.0 = Release|Any CPU
		{BD3503FE-763D-4D78-81D6-64BF15246652}.AppStore|iPhone.Deploy.0 = Release|Any CPU
		{BD3503FE-763D-4D78-81D6-64BF15246652}.AppStore|iPhoneSimulator.ActiveCfg = Release|Any CPU
		{BD3503FE-763D-4D78-81D6-64BF15246652}.AppStore|iPhoneSimulator.Build.0 = Release|Any CPU
		{BD3503FE-763D-4D78-81D6-64BF15246652}.AppStore|iPhoneSimulator.Deploy.0 = Release|Any CPU
		{BD3503FE-763D-4D78-81D6-64BF15246652}.AppStore|x64.ActiveCfg = Release|Any CPU
		{BD3503FE-763D-4D78-81D6-64BF15246652}.AppStore|x64.Build.0 = Release|Any CPU
		{BD3503FE-763D-4D78-81D6-64BF15246652}.AppStore|x64.Deploy.0 = Release|Any CPU
		{BD3503FE-763D-4D78-81D6-64BF15246652}.AppStore|x86.ActiveCfg = Release|Any CPU
		{BD3503FE-763D-4D78-81D6-64BF15246652}.AppStore|x86.Build.0 = Release|Any CPU
		{BD3503FE-763D-4D78-81D6-64BF15246652}.AppStore|x86.Deploy.0 = Release|Any CPU
		{BD3503FE-763D-4D78-81D6-64BF15246652}.Debug|Any CPU.ActiveCfg = Debug|Any CPU
		{BD3503FE-763D-4D78-81D6-64BF15246652}.Debug|Any CPU.Build.0 = Debug|Any CPU
		{BD3503FE-763D-4D78-81D6-64BF15246652}.Debug|Any CPU.Deploy.0 = Debug|Any CPU
		{BD3503FE-763D-4D78-81D6-64BF15246652}.Debug|ARM.ActiveCfg = Debug|Any CPU
		{BD3503FE-763D-4D78-81D6-64BF15246652}.Debug|ARM.Build.0 = Debug|Any CPU
		{BD3503FE-763D-4D78-81D6-64BF15246652}.Debug|ARM.Deploy.0 = Debug|Any CPU
		{BD3503FE-763D-4D78-81D6-64BF15246652}.Debug|iPhone.ActiveCfg = Debug|Any CPU
		{BD3503FE-763D-4D78-81D6-64BF15246652}.Debug|iPhone.Build.0 = Debug|Any CPU
		{BD3503FE-763D-4D78-81D6-64BF15246652}.Debug|iPhone.Deploy.0 = Debug|Any CPU
		{BD3503FE-763D-4D78-81D6-64BF15246652}.Debug|iPhoneSimulator.ActiveCfg = Debug|Any CPU
		{BD3503FE-763D-4D78-81D6-64BF15246652}.Debug|iPhoneSimulator.Build.0 = Debug|Any CPU
		{BD3503FE-763D-4D78-81D6-64BF15246652}.Debug|iPhoneSimulator.Deploy.0 = Debug|Any CPU
		{BD3503FE-763D-4D78-81D6-64BF15246652}.Debug|x64.ActiveCfg = Debug|Any CPU
		{BD3503FE-763D-4D78-81D6-64BF15246652}.Debug|x64.Build.0 = Debug|Any CPU
		{BD3503FE-763D-4D78-81D6-64BF15246652}.Debug|x64.Deploy.0 = Debug|Any CPU
		{BD3503FE-763D-4D78-81D6-64BF15246652}.Debug|x86.ActiveCfg = Debug|Any CPU
		{BD3503FE-763D-4D78-81D6-64BF15246652}.Debug|x86.Build.0 = Debug|Any CPU
		{BD3503FE-763D-4D78-81D6-64BF15246652}.Debug|x86.Deploy.0 = Debug|Any CPU
		{BD3503FE-763D-4D78-81D6-64BF15246652}.Release|Any CPU.ActiveCfg = Release|Any CPU
		{BD3503FE-763D-4D78-81D6-64BF15246652}.Release|Any CPU.Build.0 = Release|Any CPU
		{BD3503FE-763D-4D78-81D6-64BF15246652}.Release|Any CPU.Deploy.0 = Release|Any CPU
		{BD3503FE-763D-4D78-81D6-64BF15246652}.Release|ARM.ActiveCfg = Release|Any CPU
		{BD3503FE-763D-4D78-81D6-64BF15246652}.Release|ARM.Build.0 = Release|Any CPU
		{BD3503FE-763D-4D78-81D6-64BF15246652}.Release|ARM.Deploy.0 = Release|Any CPU
		{BD3503FE-763D-4D78-81D6-64BF15246652}.Release|iPhone.ActiveCfg = Release|Any CPU
		{BD3503FE-763D-4D78-81D6-64BF15246652}.Release|iPhone.Build.0 = Release|Any CPU
		{BD3503FE-763D-4D78-81D6-64BF15246652}.Release|iPhone.Deploy.0 = Release|Any CPU
		{BD3503FE-763D-4D78-81D6-64BF15246652}.Release|iPhoneSimulator.ActiveCfg = Release|Any CPU
		{BD3503FE-763D-4D78-81D6-64BF15246652}.Release|iPhoneSimulator.Build.0 = Release|Any CPU
		{BD3503FE-763D-4D78-81D6-64BF15246652}.Release|iPhoneSimulator.Deploy.0 = Release|Any CPU
		{BD3503FE-763D-4D78-81D6-64BF15246652}.Release|x64.ActiveCfg = Release|Any CPU
		{BD3503FE-763D-4D78-81D6-64BF15246652}.Release|x64.Build.0 = Release|Any CPU
		{BD3503FE-763D-4D78-81D6-64BF15246652}.Release|x64.Deploy.0 = Release|Any CPU
		{BD3503FE-763D-4D78-81D6-64BF15246652}.Release|x86.ActiveCfg = Release|Any CPU
		{BD3503FE-763D-4D78-81D6-64BF15246652}.Release|x86.Build.0 = Release|Any CPU
		{BD3503FE-763D-4D78-81D6-64BF15246652}.Release|x86.Deploy.0 = Release|Any CPU
		{EC66A8E4-DAD9-4F78-9F58-6ED08630E465}.Ad-Hoc|Any CPU.ActiveCfg = Ad-Hoc|iPhone
		{EC66A8E4-DAD9-4F78-9F58-6ED08630E465}.Ad-Hoc|ARM.ActiveCfg = Ad-Hoc|iPhone
		{EC66A8E4-DAD9-4F78-9F58-6ED08630E465}.Ad-Hoc|iPhone.ActiveCfg = Ad-Hoc|iPhone
		{EC66A8E4-DAD9-4F78-9F58-6ED08630E465}.Ad-Hoc|iPhone.Build.0 = Ad-Hoc|iPhone
		{EC66A8E4-DAD9-4F78-9F58-6ED08630E465}.Ad-Hoc|iPhoneSimulator.ActiveCfg = Ad-Hoc|iPhoneSimulator
		{EC66A8E4-DAD9-4F78-9F58-6ED08630E465}.Ad-Hoc|iPhoneSimulator.Build.0 = Ad-Hoc|iPhoneSimulator
		{EC66A8E4-DAD9-4F78-9F58-6ED08630E465}.Ad-Hoc|x64.ActiveCfg = Ad-Hoc|iPhone
		{EC66A8E4-DAD9-4F78-9F58-6ED08630E465}.Ad-Hoc|x86.ActiveCfg = Ad-Hoc|iPhone
		{EC66A8E4-DAD9-4F78-9F58-6ED08630E465}.AppStore|Any CPU.ActiveCfg = AppStore|iPhone
		{EC66A8E4-DAD9-4F78-9F58-6ED08630E465}.AppStore|ARM.ActiveCfg = AppStore|iPhone
		{EC66A8E4-DAD9-4F78-9F58-6ED08630E465}.AppStore|iPhone.ActiveCfg = AppStore|iPhone
		{EC66A8E4-DAD9-4F78-9F58-6ED08630E465}.AppStore|iPhone.Build.0 = AppStore|iPhone
		{EC66A8E4-DAD9-4F78-9F58-6ED08630E465}.AppStore|iPhoneSimulator.ActiveCfg = AppStore|iPhoneSimulator
		{EC66A8E4-DAD9-4F78-9F58-6ED08630E465}.AppStore|iPhoneSimulator.Build.0 = AppStore|iPhoneSimulator
		{EC66A8E4-DAD9-4F78-9F58-6ED08630E465}.AppStore|x64.ActiveCfg = AppStore|iPhone
		{EC66A8E4-DAD9-4F78-9F58-6ED08630E465}.AppStore|x86.ActiveCfg = AppStore|iPhone
		{EC66A8E4-DAD9-4F78-9F58-6ED08630E465}.Debug|Any CPU.ActiveCfg = Debug|iPhone
		{EC66A8E4-DAD9-4F78-9F58-6ED08630E465}.Debug|ARM.ActiveCfg = Debug|iPhone
		{EC66A8E4-DAD9-4F78-9F58-6ED08630E465}.Debug|iPhone.ActiveCfg = Debug|iPhone
		{EC66A8E4-DAD9-4F78-9F58-6ED08630E465}.Debug|iPhone.Build.0 = Debug|iPhone
		{EC66A8E4-DAD9-4F78-9F58-6ED08630E465}.Debug|iPhoneSimulator.ActiveCfg = Debug|iPhoneSimulator
		{EC66A8E4-DAD9-4F78-9F58-6ED08630E465}.Debug|iPhoneSimulator.Build.0 = Debug|iPhoneSimulator
		{EC66A8E4-DAD9-4F78-9F58-6ED08630E465}.Debug|x64.ActiveCfg = Debug|iPhone
		{EC66A8E4-DAD9-4F78-9F58-6ED08630E465}.Debug|x86.ActiveCfg = Debug|iPhone
		{EC66A8E4-DAD9-4F78-9F58-6ED08630E465}.Release|Any CPU.ActiveCfg = Release|iPhone
		{EC66A8E4-DAD9-4F78-9F58-6ED08630E465}.Release|ARM.ActiveCfg = Release|iPhone
		{EC66A8E4-DAD9-4F78-9F58-6ED08630E465}.Release|iPhone.ActiveCfg = Release|iPhone
		{EC66A8E4-DAD9-4F78-9F58-6ED08630E465}.Release|iPhone.Build.0 = Release|iPhone
		{EC66A8E4-DAD9-4F78-9F58-6ED08630E465}.Release|iPhoneSimulator.ActiveCfg = Release|iPhoneSimulator
		{EC66A8E4-DAD9-4F78-9F58-6ED08630E465}.Release|iPhoneSimulator.Build.0 = Release|iPhoneSimulator
		{EC66A8E4-DAD9-4F78-9F58-6ED08630E465}.Release|x64.ActiveCfg = Release|iPhone
		{EC66A8E4-DAD9-4F78-9F58-6ED08630E465}.Release|x86.ActiveCfg = Release|iPhone
		{A67D1165-11F5-46B4-933B-6997A89F66BE}.Ad-Hoc|Any CPU.ActiveCfg = Release|Any CPU
		{A67D1165-11F5-46B4-933B-6997A89F66BE}.Ad-Hoc|Any CPU.Build.0 = Release|Any CPU
		{A67D1165-11F5-46B4-933B-6997A89F66BE}.Ad-Hoc|Any CPU.Deploy.0 = Release|Any CPU
		{A67D1165-11F5-46B4-933B-6997A89F66BE}.Ad-Hoc|ARM.ActiveCfg = Release|ARM
		{A67D1165-11F5-46B4-933B-6997A89F66BE}.Ad-Hoc|ARM.Build.0 = Release|ARM
		{A67D1165-11F5-46B4-933B-6997A89F66BE}.Ad-Hoc|ARM.Deploy.0 = Release|ARM
		{A67D1165-11F5-46B4-933B-6997A89F66BE}.Ad-Hoc|iPhone.ActiveCfg = Release|Any CPU
		{A67D1165-11F5-46B4-933B-6997A89F66BE}.Ad-Hoc|iPhone.Build.0 = Release|Any CPU
		{A67D1165-11F5-46B4-933B-6997A89F66BE}.Ad-Hoc|iPhone.Deploy.0 = Release|Any CPU
		{A67D1165-11F5-46B4-933B-6997A89F66BE}.Ad-Hoc|iPhoneSimulator.ActiveCfg = Release|Any CPU
		{A67D1165-11F5-46B4-933B-6997A89F66BE}.Ad-Hoc|iPhoneSimulator.Build.0 = Release|Any CPU
		{A67D1165-11F5-46B4-933B-6997A89F66BE}.Ad-Hoc|iPhoneSimulator.Deploy.0 = Release|Any CPU
		{A67D1165-11F5-46B4-933B-6997A89F66BE}.Ad-Hoc|x64.ActiveCfg = Release|Any CPU
		{A67D1165-11F5-46B4-933B-6997A89F66BE}.Ad-Hoc|x64.Build.0 = Release|Any CPU
		{A67D1165-11F5-46B4-933B-6997A89F66BE}.Ad-Hoc|x64.Deploy.0 = Release|Any CPU
		{A67D1165-11F5-46B4-933B-6997A89F66BE}.Ad-Hoc|x86.ActiveCfg = Release|x86
		{A67D1165-11F5-46B4-933B-6997A89F66BE}.Ad-Hoc|x86.Build.0 = Release|x86
		{A67D1165-11F5-46B4-933B-6997A89F66BE}.Ad-Hoc|x86.Deploy.0 = Release|x86
		{A67D1165-11F5-46B4-933B-6997A89F66BE}.AppStore|Any CPU.ActiveCfg = Release|Any CPU
		{A67D1165-11F5-46B4-933B-6997A89F66BE}.AppStore|Any CPU.Build.0 = Release|Any CPU
		{A67D1165-11F5-46B4-933B-6997A89F66BE}.AppStore|Any CPU.Deploy.0 = Release|Any CPU
		{A67D1165-11F5-46B4-933B-6997A89F66BE}.AppStore|ARM.ActiveCfg = Release|ARM
		{A67D1165-11F5-46B4-933B-6997A89F66BE}.AppStore|ARM.Build.0 = Release|ARM
		{A67D1165-11F5-46B4-933B-6997A89F66BE}.AppStore|ARM.Deploy.0 = Release|ARM
		{A67D1165-11F5-46B4-933B-6997A89F66BE}.AppStore|iPhone.ActiveCfg = Release|Any CPU
		{A67D1165-11F5-46B4-933B-6997A89F66BE}.AppStore|iPhone.Build.0 = Release|Any CPU
		{A67D1165-11F5-46B4-933B-6997A89F66BE}.AppStore|iPhone.Deploy.0 = Release|Any CPU
		{A67D1165-11F5-46B4-933B-6997A89F66BE}.AppStore|iPhoneSimulator.ActiveCfg = Release|Any CPU
		{A67D1165-11F5-46B4-933B-6997A89F66BE}.AppStore|iPhoneSimulator.Build.0 = Release|Any CPU
		{A67D1165-11F5-46B4-933B-6997A89F66BE}.AppStore|iPhoneSimulator.Deploy.0 = Release|Any CPU
		{A67D1165-11F5-46B4-933B-6997A89F66BE}.AppStore|x64.ActiveCfg = Release|Any CPU
		{A67D1165-11F5-46B4-933B-6997A89F66BE}.AppStore|x64.Build.0 = Release|Any CPU
		{A67D1165-11F5-46B4-933B-6997A89F66BE}.AppStore|x64.Deploy.0 = Release|Any CPU
		{A67D1165-11F5-46B4-933B-6997A89F66BE}.AppStore|x86.ActiveCfg = Release|x86
		{A67D1165-11F5-46B4-933B-6997A89F66BE}.AppStore|x86.Build.0 = Release|x86
		{A67D1165-11F5-46B4-933B-6997A89F66BE}.AppStore|x86.Deploy.0 = Release|x86
		{A67D1165-11F5-46B4-933B-6997A89F66BE}.Debug|Any CPU.ActiveCfg = Debug|Any CPU
		{A67D1165-11F5-46B4-933B-6997A89F66BE}.Debug|Any CPU.Build.0 = Debug|Any CPU
		{A67D1165-11F5-46B4-933B-6997A89F66BE}.Debug|Any CPU.Deploy.0 = Debug|Any CPU
		{A67D1165-11F5-46B4-933B-6997A89F66BE}.Debug|ARM.ActiveCfg = Debug|ARM
		{A67D1165-11F5-46B4-933B-6997A89F66BE}.Debug|ARM.Build.0 = Debug|ARM
		{A67D1165-11F5-46B4-933B-6997A89F66BE}.Debug|ARM.Deploy.0 = Debug|ARM
		{A67D1165-11F5-46B4-933B-6997A89F66BE}.Debug|iPhone.ActiveCfg = Debug|Any CPU
		{A67D1165-11F5-46B4-933B-6997A89F66BE}.Debug|iPhone.Build.0 = Debug|Any CPU
		{A67D1165-11F5-46B4-933B-6997A89F66BE}.Debug|iPhone.Deploy.0 = Debug|Any CPU
		{A67D1165-11F5-46B4-933B-6997A89F66BE}.Debug|iPhoneSimulator.ActiveCfg = Debug|Any CPU
		{A67D1165-11F5-46B4-933B-6997A89F66BE}.Debug|iPhoneSimulator.Build.0 = Debug|Any CPU
		{A67D1165-11F5-46B4-933B-6997A89F66BE}.Debug|iPhoneSimulator.Deploy.0 = Debug|Any CPU
		{A67D1165-11F5-46B4-933B-6997A89F66BE}.Debug|x64.ActiveCfg = Debug|Any CPU
		{A67D1165-11F5-46B4-933B-6997A89F66BE}.Debug|x64.Build.0 = Debug|Any CPU
		{A67D1165-11F5-46B4-933B-6997A89F66BE}.Debug|x64.Deploy.0 = Debug|Any CPU
		{A67D1165-11F5-46B4-933B-6997A89F66BE}.Debug|x86.ActiveCfg = Debug|x86
		{A67D1165-11F5-46B4-933B-6997A89F66BE}.Debug|x86.Build.0 = Debug|x86
		{A67D1165-11F5-46B4-933B-6997A89F66BE}.Debug|x86.Deploy.0 = Debug|x86
		{A67D1165-11F5-46B4-933B-6997A89F66BE}.Release|Any CPU.ActiveCfg = Release|Any CPU
		{A67D1165-11F5-46B4-933B-6997A89F66BE}.Release|Any CPU.Build.0 = Release|Any CPU
		{A67D1165-11F5-46B4-933B-6997A89F66BE}.Release|Any CPU.Deploy.0 = Release|Any CPU
		{A67D1165-11F5-46B4-933B-6997A89F66BE}.Release|ARM.ActiveCfg = Release|ARM
		{A67D1165-11F5-46B4-933B-6997A89F66BE}.Release|ARM.Build.0 = Release|ARM
		{A67D1165-11F5-46B4-933B-6997A89F66BE}.Release|ARM.Deploy.0 = Release|ARM
		{A67D1165-11F5-46B4-933B-6997A89F66BE}.Release|iPhone.ActiveCfg = Release|Any CPU
		{A67D1165-11F5-46B4-933B-6997A89F66BE}.Release|iPhone.Build.0 = Release|Any CPU
		{A67D1165-11F5-46B4-933B-6997A89F66BE}.Release|iPhone.Deploy.0 = Release|Any CPU
		{A67D1165-11F5-46B4-933B-6997A89F66BE}.Release|iPhoneSimulator.ActiveCfg = Release|Any CPU
		{A67D1165-11F5-46B4-933B-6997A89F66BE}.Release|iPhoneSimulator.Build.0 = Release|Any CPU
		{A67D1165-11F5-46B4-933B-6997A89F66BE}.Release|iPhoneSimulator.Deploy.0 = Release|Any CPU
		{A67D1165-11F5-46B4-933B-6997A89F66BE}.Release|x64.ActiveCfg = Release|Any CPU
		{A67D1165-11F5-46B4-933B-6997A89F66BE}.Release|x64.Build.0 = Release|Any CPU
		{A67D1165-11F5-46B4-933B-6997A89F66BE}.Release|x64.Deploy.0 = Release|Any CPU
		{A67D1165-11F5-46B4-933B-6997A89F66BE}.Release|x86.ActiveCfg = Release|x86
		{A67D1165-11F5-46B4-933B-6997A89F66BE}.Release|x86.Build.0 = Release|x86
		{A67D1165-11F5-46B4-933B-6997A89F66BE}.Release|x86.Deploy.0 = Release|x86
		{D92D7533-76D3-4BD6-B9E1-33B13B2073BB}.Ad-Hoc|Any CPU.ActiveCfg = Release|x86
		{D92D7533-76D3-4BD6-B9E1-33B13B2073BB}.Ad-Hoc|Any CPU.Build.0 = Release|x86
		{D92D7533-76D3-4BD6-B9E1-33B13B2073BB}.Ad-Hoc|Any CPU.Deploy.0 = Release|x86
		{D92D7533-76D3-4BD6-B9E1-33B13B2073BB}.Ad-Hoc|ARM.ActiveCfg = Release|ARM
		{D92D7533-76D3-4BD6-B9E1-33B13B2073BB}.Ad-Hoc|ARM.Build.0 = Release|ARM
		{D92D7533-76D3-4BD6-B9E1-33B13B2073BB}.Ad-Hoc|ARM.Deploy.0 = Release|ARM
		{D92D7533-76D3-4BD6-B9E1-33B13B2073BB}.Ad-Hoc|iPhone.ActiveCfg = Release|x86
		{D92D7533-76D3-4BD6-B9E1-33B13B2073BB}.Ad-Hoc|iPhone.Build.0 = Release|x86
		{D92D7533-76D3-4BD6-B9E1-33B13B2073BB}.Ad-Hoc|iPhone.Deploy.0 = Release|x86
		{D92D7533-76D3-4BD6-B9E1-33B13B2073BB}.Ad-Hoc|iPhoneSimulator.ActiveCfg = Release|x86
		{D92D7533-76D3-4BD6-B9E1-33B13B2073BB}.Ad-Hoc|iPhoneSimulator.Build.0 = Release|x86
		{D92D7533-76D3-4BD6-B9E1-33B13B2073BB}.Ad-Hoc|iPhoneSimulator.Deploy.0 = Release|x86
		{D92D7533-76D3-4BD6-B9E1-33B13B2073BB}.Ad-Hoc|x64.ActiveCfg = Release|x64
		{D92D7533-76D3-4BD6-B9E1-33B13B2073BB}.Ad-Hoc|x64.Build.0 = Release|x64
		{D92D7533-76D3-4BD6-B9E1-33B13B2073BB}.Ad-Hoc|x64.Deploy.0 = Release|x64
		{D92D7533-76D3-4BD6-B9E1-33B13B2073BB}.Ad-Hoc|x86.ActiveCfg = Release|x86
		{D92D7533-76D3-4BD6-B9E1-33B13B2073BB}.Ad-Hoc|x86.Build.0 = Release|x86
		{D92D7533-76D3-4BD6-B9E1-33B13B2073BB}.Ad-Hoc|x86.Deploy.0 = Release|x86
		{D92D7533-76D3-4BD6-B9E1-33B13B2073BB}.AppStore|Any CPU.ActiveCfg = Release|x86
		{D92D7533-76D3-4BD6-B9E1-33B13B2073BB}.AppStore|Any CPU.Build.0 = Release|x86
		{D92D7533-76D3-4BD6-B9E1-33B13B2073BB}.AppStore|Any CPU.Deploy.0 = Release|x86
		{D92D7533-76D3-4BD6-B9E1-33B13B2073BB}.AppStore|ARM.ActiveCfg = Release|ARM
		{D92D7533-76D3-4BD6-B9E1-33B13B2073BB}.AppStore|ARM.Build.0 = Release|ARM
		{D92D7533-76D3-4BD6-B9E1-33B13B2073BB}.AppStore|ARM.Deploy.0 = Release|ARM
		{D92D7533-76D3-4BD6-B9E1-33B13B2073BB}.AppStore|iPhone.ActiveCfg = Release|x86
		{D92D7533-76D3-4BD6-B9E1-33B13B2073BB}.AppStore|iPhone.Build.0 = Release|x86
		{D92D7533-76D3-4BD6-B9E1-33B13B2073BB}.AppStore|iPhone.Deploy.0 = Release|x86
		{D92D7533-76D3-4BD6-B9E1-33B13B2073BB}.AppStore|iPhoneSimulator.ActiveCfg = Release|x86
		{D92D7533-76D3-4BD6-B9E1-33B13B2073BB}.AppStore|iPhoneSimulator.Build.0 = Release|x86
		{D92D7533-76D3-4BD6-B9E1-33B13B2073BB}.AppStore|iPhoneSimulator.Deploy.0 = Release|x86
		{D92D7533-76D3-4BD6-B9E1-33B13B2073BB}.AppStore|x64.ActiveCfg = Release|x64
		{D92D7533-76D3-4BD6-B9E1-33B13B2073BB}.AppStore|x64.Build.0 = Release|x64
		{D92D7533-76D3-4BD6-B9E1-33B13B2073BB}.AppStore|x64.Deploy.0 = Release|x64
		{D92D7533-76D3-4BD6-B9E1-33B13B2073BB}.AppStore|x86.ActiveCfg = Release|x86
		{D92D7533-76D3-4BD6-B9E1-33B13B2073BB}.AppStore|x86.Build.0 = Release|x86
		{D92D7533-76D3-4BD6-B9E1-33B13B2073BB}.AppStore|x86.Deploy.0 = Release|x86
		{D92D7533-76D3-4BD6-B9E1-33B13B2073BB}.Debug|Any CPU.ActiveCfg = Debug|x86
		{D92D7533-76D3-4BD6-B9E1-33B13B2073BB}.Debug|ARM.ActiveCfg = Debug|ARM
		{D92D7533-76D3-4BD6-B9E1-33B13B2073BB}.Debug|ARM.Build.0 = Debug|ARM
		{D92D7533-76D3-4BD6-B9E1-33B13B2073BB}.Debug|ARM.Deploy.0 = Debug|ARM
		{D92D7533-76D3-4BD6-B9E1-33B13B2073BB}.Debug|iPhone.ActiveCfg = Debug|x86
		{D92D7533-76D3-4BD6-B9E1-33B13B2073BB}.Debug|iPhoneSimulator.ActiveCfg = Debug|x86
		{D92D7533-76D3-4BD6-B9E1-33B13B2073BB}.Debug|x64.ActiveCfg = Debug|x64
		{D92D7533-76D3-4BD6-B9E1-33B13B2073BB}.Debug|x64.Build.0 = Debug|x64
		{D92D7533-76D3-4BD6-B9E1-33B13B2073BB}.Debug|x64.Deploy.0 = Debug|x64
		{D92D7533-76D3-4BD6-B9E1-33B13B2073BB}.Debug|x86.ActiveCfg = Debug|x86
		{D92D7533-76D3-4BD6-B9E1-33B13B2073BB}.Debug|x86.Build.0 = Debug|x86
		{D92D7533-76D3-4BD6-B9E1-33B13B2073BB}.Debug|x86.Deploy.0 = Debug|x86
		{D92D7533-76D3-4BD6-B9E1-33B13B2073BB}.Release|Any CPU.ActiveCfg = Release|x86
		{D92D7533-76D3-4BD6-B9E1-33B13B2073BB}.Release|ARM.ActiveCfg = Release|ARM
		{D92D7533-76D3-4BD6-B9E1-33B13B2073BB}.Release|ARM.Build.0 = Release|ARM
		{D92D7533-76D3-4BD6-B9E1-33B13B2073BB}.Release|ARM.Deploy.0 = Release|ARM
		{D92D7533-76D3-4BD6-B9E1-33B13B2073BB}.Release|iPhone.ActiveCfg = Release|x86
		{D92D7533-76D3-4BD6-B9E1-33B13B2073BB}.Release|iPhoneSimulator.ActiveCfg = Release|x86
		{D92D7533-76D3-4BD6-B9E1-33B13B2073BB}.Release|x64.ActiveCfg = Release|x64
		{D92D7533-76D3-4BD6-B9E1-33B13B2073BB}.Release|x64.Build.0 = Release|x64
		{D92D7533-76D3-4BD6-B9E1-33B13B2073BB}.Release|x64.Deploy.0 = Release|x64
		{D92D7533-76D3-4BD6-B9E1-33B13B2073BB}.Release|x86.ActiveCfg = Release|x86
		{D92D7533-76D3-4BD6-B9E1-33B13B2073BB}.Release|x86.Build.0 = Release|x86
		{D92D7533-76D3-4BD6-B9E1-33B13B2073BB}.Release|x86.Deploy.0 = Release|x86
		{5123AF00-A9F1-4164-93EA-67AAB06A478E}.Ad-Hoc|Any CPU.ActiveCfg = Release|Any CPU
		{5123AF00-A9F1-4164-93EA-67AAB06A478E}.Ad-Hoc|Any CPU.Build.0 = Release|Any CPU
		{5123AF00-A9F1-4164-93EA-67AAB06A478E}.Ad-Hoc|Any CPU.Deploy.0 = Release|Any CPU
		{5123AF00-A9F1-4164-93EA-67AAB06A478E}.Ad-Hoc|ARM.ActiveCfg = Release|ARM
		{5123AF00-A9F1-4164-93EA-67AAB06A478E}.Ad-Hoc|ARM.Build.0 = Release|ARM
		{5123AF00-A9F1-4164-93EA-67AAB06A478E}.Ad-Hoc|ARM.Deploy.0 = Release|ARM
		{5123AF00-A9F1-4164-93EA-67AAB06A478E}.Ad-Hoc|iPhone.ActiveCfg = Release|Any CPU
		{5123AF00-A9F1-4164-93EA-67AAB06A478E}.Ad-Hoc|iPhone.Build.0 = Release|Any CPU
		{5123AF00-A9F1-4164-93EA-67AAB06A478E}.Ad-Hoc|iPhone.Deploy.0 = Release|Any CPU
		{5123AF00-A9F1-4164-93EA-67AAB06A478E}.Ad-Hoc|iPhoneSimulator.ActiveCfg = Release|Any CPU
		{5123AF00-A9F1-4164-93EA-67AAB06A478E}.Ad-Hoc|iPhoneSimulator.Build.0 = Release|Any CPU
		{5123AF00-A9F1-4164-93EA-67AAB06A478E}.Ad-Hoc|iPhoneSimulator.Deploy.0 = Release|Any CPU
		{5123AF00-A9F1-4164-93EA-67AAB06A478E}.Ad-Hoc|x64.ActiveCfg = Release|x64
		{5123AF00-A9F1-4164-93EA-67AAB06A478E}.Ad-Hoc|x64.Build.0 = Release|x64
		{5123AF00-A9F1-4164-93EA-67AAB06A478E}.Ad-Hoc|x64.Deploy.0 = Release|x64
		{5123AF00-A9F1-4164-93EA-67AAB06A478E}.Ad-Hoc|x86.ActiveCfg = Release|x86
		{5123AF00-A9F1-4164-93EA-67AAB06A478E}.Ad-Hoc|x86.Build.0 = Release|x86
		{5123AF00-A9F1-4164-93EA-67AAB06A478E}.Ad-Hoc|x86.Deploy.0 = Release|x86
		{5123AF00-A9F1-4164-93EA-67AAB06A478E}.AppStore|Any CPU.ActiveCfg = Release|Any CPU
		{5123AF00-A9F1-4164-93EA-67AAB06A478E}.AppStore|Any CPU.Build.0 = Release|Any CPU
		{5123AF00-A9F1-4164-93EA-67AAB06A478E}.AppStore|Any CPU.Deploy.0 = Release|Any CPU
		{5123AF00-A9F1-4164-93EA-67AAB06A478E}.AppStore|ARM.ActiveCfg = Release|ARM
		{5123AF00-A9F1-4164-93EA-67AAB06A478E}.AppStore|ARM.Build.0 = Release|ARM
		{5123AF00-A9F1-4164-93EA-67AAB06A478E}.AppStore|ARM.Deploy.0 = Release|ARM
		{5123AF00-A9F1-4164-93EA-67AAB06A478E}.AppStore|iPhone.ActiveCfg = Release|Any CPU
		{5123AF00-A9F1-4164-93EA-67AAB06A478E}.AppStore|iPhone.Build.0 = Release|Any CPU
		{5123AF00-A9F1-4164-93EA-67AAB06A478E}.AppStore|iPhone.Deploy.0 = Release|Any CPU
		{5123AF00-A9F1-4164-93EA-67AAB06A478E}.AppStore|iPhoneSimulator.ActiveCfg = Release|Any CPU
		{5123AF00-A9F1-4164-93EA-67AAB06A478E}.AppStore|iPhoneSimulator.Build.0 = Release|Any CPU
		{5123AF00-A9F1-4164-93EA-67AAB06A478E}.AppStore|iPhoneSimulator.Deploy.0 = Release|Any CPU
		{5123AF00-A9F1-4164-93EA-67AAB06A478E}.AppStore|x64.ActiveCfg = Release|x64
		{5123AF00-A9F1-4164-93EA-67AAB06A478E}.AppStore|x64.Build.0 = Release|x64
		{5123AF00-A9F1-4164-93EA-67AAB06A478E}.AppStore|x64.Deploy.0 = Release|x64
		{5123AF00-A9F1-4164-93EA-67AAB06A478E}.AppStore|x86.ActiveCfg = Release|x86
		{5123AF00-A9F1-4164-93EA-67AAB06A478E}.AppStore|x86.Build.0 = Release|x86
		{5123AF00-A9F1-4164-93EA-67AAB06A478E}.AppStore|x86.Deploy.0 = Release|x86
		{5123AF00-A9F1-4164-93EA-67AAB06A478E}.Debug|Any CPU.ActiveCfg = Debug|Any CPU
		{5123AF00-A9F1-4164-93EA-67AAB06A478E}.Debug|Any CPU.Build.0 = Debug|Any CPU
		{5123AF00-A9F1-4164-93EA-67AAB06A478E}.Debug|Any CPU.Deploy.0 = Debug|Any CPU
		{5123AF00-A9F1-4164-93EA-67AAB06A478E}.Debug|ARM.ActiveCfg = Debug|ARM
		{5123AF00-A9F1-4164-93EA-67AAB06A478E}.Debug|ARM.Build.0 = Debug|ARM
		{5123AF00-A9F1-4164-93EA-67AAB06A478E}.Debug|ARM.Deploy.0 = Debug|ARM
		{5123AF00-A9F1-4164-93EA-67AAB06A478E}.Debug|iPhone.ActiveCfg = Debug|Any CPU
		{5123AF00-A9F1-4164-93EA-67AAB06A478E}.Debug|iPhone.Build.0 = Debug|Any CPU
		{5123AF00-A9F1-4164-93EA-67AAB06A478E}.Debug|iPhone.Deploy.0 = Debug|Any CPU
		{5123AF00-A9F1-4164-93EA-67AAB06A478E}.Debug|iPhoneSimulator.ActiveCfg = Debug|Any CPU
		{5123AF00-A9F1-4164-93EA-67AAB06A478E}.Debug|iPhoneSimulator.Build.0 = Debug|Any CPU
		{5123AF00-A9F1-4164-93EA-67AAB06A478E}.Debug|iPhoneSimulator.Deploy.0 = Debug|Any CPU
		{5123AF00-A9F1-4164-93EA-67AAB06A478E}.Debug|x64.ActiveCfg = Debug|x64
		{5123AF00-A9F1-4164-93EA-67AAB06A478E}.Debug|x64.Build.0 = Debug|x64
		{5123AF00-A9F1-4164-93EA-67AAB06A478E}.Debug|x64.Deploy.0 = Debug|x64
		{5123AF00-A9F1-4164-93EA-67AAB06A478E}.Debug|x86.ActiveCfg = Debug|x86
		{5123AF00-A9F1-4164-93EA-67AAB06A478E}.Debug|x86.Build.0 = Debug|x86
		{5123AF00-A9F1-4164-93EA-67AAB06A478E}.Debug|x86.Deploy.0 = Debug|x86
		{5123AF00-A9F1-4164-93EA-67AAB06A478E}.Release|Any CPU.ActiveCfg = Release|Any CPU
		{5123AF00-A9F1-4164-93EA-67AAB06A478E}.Release|Any CPU.Build.0 = Release|Any CPU
		{5123AF00-A9F1-4164-93EA-67AAB06A478E}.Release|Any CPU.Deploy.0 = Release|Any CPU
		{5123AF00-A9F1-4164-93EA-67AAB06A478E}.Release|ARM.ActiveCfg = Release|ARM
		{5123AF00-A9F1-4164-93EA-67AAB06A478E}.Release|ARM.Build.0 = Release|ARM
		{5123AF00-A9F1-4164-93EA-67AAB06A478E}.Release|ARM.Deploy.0 = Release|ARM
		{5123AF00-A9F1-4164-93EA-67AAB06A478E}.Release|iPhone.ActiveCfg = Release|Any CPU
		{5123AF00-A9F1-4164-93EA-67AAB06A478E}.Release|iPhone.Build.0 = Release|Any CPU
		{5123AF00-A9F1-4164-93EA-67AAB06A478E}.Release|iPhone.Deploy.0 = Release|Any CPU
		{5123AF00-A9F1-4164-93EA-67AAB06A478E}.Release|iPhoneSimulator.ActiveCfg = Release|Any CPU
		{5123AF00-A9F1-4164-93EA-67AAB06A478E}.Release|iPhoneSimulator.Build.0 = Release|Any CPU
		{5123AF00-A9F1-4164-93EA-67AAB06A478E}.Release|iPhoneSimulator.Deploy.0 = Release|Any CPU
		{5123AF00-A9F1-4164-93EA-67AAB06A478E}.Release|x64.ActiveCfg = Release|x64
		{5123AF00-A9F1-4164-93EA-67AAB06A478E}.Release|x64.Build.0 = Release|x64
		{5123AF00-A9F1-4164-93EA-67AAB06A478E}.Release|x64.Deploy.0 = Release|x64
		{5123AF00-A9F1-4164-93EA-67AAB06A478E}.Release|x86.ActiveCfg = Release|x86
		{5123AF00-A9F1-4164-93EA-67AAB06A478E}.Release|x86.Build.0 = Release|x86
		{5123AF00-A9F1-4164-93EA-67AAB06A478E}.Release|x86.Deploy.0 = Release|x86
	EndGlobalSection
	GlobalSection(SolutionProperties) = preSolution
		HideSolutionNode = FALSE
	EndGlobalSection
EndGlobal
